
Microsoft Visual Studio Solution File, Format Version 12.00
# Visual Studio Version 16
VisualStudioVersion = 16.0.30309.148
MinimumVisualStudioVersion = 10.0.40219.1
Project("{FAE04EC0-301F-11D3-BF4B-00C04F79EFBC}") = "MilestoneGUI", "MilestoneGUI\MilestoneGUI.csproj", "{CD4A45C0-ED04-441F-9BEF-425B109D07AE}"
EndProject
Global
	GlobalSection(SolutionConfigurationPlatforms) = preSolution
		Debug|Any CPU = Debug|Any CPU
		Release|Any CPU = Release|Any CPU
	EndGlobalSection
	GlobalSection(ProjectConfigurationPlatforms) = postSolution
		{CD4A45C0-ED04-441F-9BEF-425B109D07AE}.Debug|Any CPU.ActiveCfg = Debug|Any CPU
		{CD4A45C0-ED04-441F-9BEF-425B109D07AE}.Debug|Any CPU.Build.0 = Debug|Any CPU
		{CD4A45C0-ED04-441F-9BEF-425B109D07AE}.Release|Any CPU.ActiveCfg = Release|Any CPU
		{CD4A45C0-ED04-441F-9BEF-425B109D07AE}.Release|Any CPU.Build.0 = Release|Any CPU
	EndGlobalSection
	GlobalSection(SolutionProperties) = preSolution
		HideSolutionNode = FALSE
	EndGlobalSection
	GlobalSection(ExtensibilityGlobals) = postSolution
		SolutionGuid = {00322B75-3736-4A80-B055-DBA42AD003F0}
	EndGlobalSection
EndGlobal
